
Microsoft Visual Studio Solution File, Format Version 12.00
# Visual Studio Version 17
VisualStudioVersion = 17.5.33516.290
MinimumVisualStudioVersion = 10.0.40219.1
Project("{9A19103F-16F7-4668-BE54-9A1E7A4F7556}") = "WebAPi", "WebAPi\WebAPi.csproj", "{8B9E3D0D-9D16-4583-BCE8-9D2058513995}"
EndProject
Project("{9A19103F-16F7-4668-BE54-9A1E7A4F7556}") = "Web_Utility", "Web_Utility\Web_Utility.csproj", "{44C976F6-4C2B-4202-BCE9-8C6ED1B8B305}"
EndProject
Global
	GlobalSection(SolutionConfigurationPlatforms) = preSolution
		Debug|Any CPU = Debug|Any CPU
		Release|Any CPU = Release|Any CPU
	EndGlobalSection
	GlobalSection(ProjectConfigurationPlatforms) = postSolution
		{8B9E3D0D-9D16-4583-BCE8-9D2058513995}.Debug|Any CPU.ActiveCfg = Debug|Any CPU
		{8B9E3D0D-9D16-4583-BCE8-9D2058513995}.Debug|Any CPU.Build.0 = Debug|Any CPU
		{8B9E3D0D-9D16-4583-BCE8-9D2058513995}.Release|Any CPU.ActiveCfg = Release|Any CPU
		{8B9E3D0D-9D16-4583-BCE8-9D2058513995}.Release|Any CPU.Build.0 = Release|Any CPU
		{44C976F6-4C2B-4202-BCE9-8C6ED1B8B305}.Debug|Any CPU.ActiveCfg = Debug|Any CPU
		{44C976F6-4C2B-4202-BCE9-8C6ED1B8B305}.Debug|Any CPU.Build.0 = Debug|Any CPU
		{44C976F6-4C2B-4202-BCE9-8C6ED1B8B305}.Release|Any CPU.ActiveCfg = Release|Any CPU
		{44C976F6-4C2B-4202-BCE9-8C6ED1B8B305}.Release|Any CPU.Build.0 = Release|Any CPU
	EndGlobalSection
	GlobalSection(SolutionProperties) = preSolution
		HideSolutionNode = FALSE
	EndGlobalSection
	GlobalSection(ExtensibilityGlobals) = postSolution
		SolutionGuid = {91BA37BE-E097-4498-8897-974376111692}
	EndGlobalSection
EndGlobal
